
Microsoft Visual Studio Solution File, Format Version 12.00
# Visual Studio 2012
Project("{FAE04EC0-301F-11D3-BF4B-00C04F79EFBC}") = "ConsoleClient", "ConsoleClient\ConsoleClient.csproj", "{E45D7C67-0ADF-4880-9973-828B46906CBC}"
EndProject
Project("{FAE04EC0-301F-11D3-BF4B-00C04F79EFBC}") = "ConsoleHub", "ConsoleHub\ConsoleHub.csproj", "{A6A4F085-CFFF-4542-AA22-D3707D771348}"
EndProject
Project("{FAE04EC0-301F-11D3-BF4B-00C04F79EFBC}") = "Domain", "Domain\Domain.csproj", "{F85315E4-EBE3-4691-9C82-76778076447B}"
EndProject
Project("{2150E333-8FDC-42A3-9474-1A3956D46DE8}") = ".nuget", ".nuget", "{64C8ACA5-AAFE-47C2-B5B0-59239A88E51C}"
	ProjectSection(SolutionItems) = preProject
		.nuget\packages.config = .nuget\packages.config
	EndProjectSection
EndProject
Global
	GlobalSection(SolutionConfigurationPlatforms) = preSolution
		Debug|Any CPU = Debug|Any CPU
		Release|Any CPU = Release|Any CPU
	EndGlobalSection
	GlobalSection(ProjectConfigurationPlatforms) = postSolution
		{E45D7C67-0ADF-4880-9973-828B46906CBC}.Debug|Any CPU.ActiveCfg = Debug|Any CPU
		{E45D7C67-0ADF-4880-9973-828B46906CBC}.Debug|Any CPU.Build.0 = Debug|Any CPU
		{E45D7C67-0ADF-4880-9973-828B46906CBC}.Release|Any CPU.ActiveCfg = Release|Any CPU
		{E45D7C67-0ADF-4880-9973-828B46906CBC}.Release|Any CPU.Build.0 = Release|Any CPU
		{A6A4F085-CFFF-4542-AA22-D3707D771348}.Debug|Any CPU.ActiveCfg = Debug|Any CPU
		{A6A4F085-CFFF-4542-AA22-D3707D771348}.Debug|Any CPU.Build.0 = Debug|Any CPU
		{A6A4F085-CFFF-4542-AA22-D3707D771348}.Release|Any CPU.ActiveCfg = Release|Any CPU
		{A6A4F085-CFFF-4542-AA22-D3707D771348}.Release|Any CPU.Build.0 = Release|Any CPU
		{F85315E4-EBE3-4691-9C82-76778076447B}.Debug|Any CPU.ActiveCfg = Debug|Any CPU
		{F85315E4-EBE3-4691-9C82-76778076447B}.Debug|Any CPU.Build.0 = Debug|Any CPU
		{F85315E4-EBE3-4691-9C82-76778076447B}.Release|Any CPU.ActiveCfg = Release|Any CPU
		{F85315E4-EBE3-4691-9C82-76778076447B}.Release|Any CPU.Build.0 = Release|Any CPU
	EndGlobalSection
	GlobalSection(SolutionProperties) = preSolution
		HideSolutionNode = FALSE
	EndGlobalSection
EndGlobal
